
Microsoft Visual Studio Solution File, Format Version 12.00
# Visual Studio Version 17
VisualStudioVersion = 17.8.34330.188
MinimumVisualStudioVersion = 10.0.40219.1
Project("{9A19103F-16F7-4668-BE54-9A1E7A4F7556}") = "EcoSolutionApi", "EcoSolutionApi\EcoSolutionApi.csproj", "{0D0EC92F-44E9-4005-A08F-7517FAB595E5}"
EndProject
Project("{2150E333-8FDC-42A3-9474-1A3956D46DE8}") = "1 - Application", "1 - Application", "{4C652E2B-1F71-471E-B400-E1A560DA967D}"
EndProject
Project("{2150E333-8FDC-42A3-9474-1A3956D46DE8}") = "2 - Domain", "2 - Domain", "{207E09F4-FD07-4B5F-A15D-043B31AD6D4D}"
EndProject
Project("{2150E333-8FDC-42A3-9474-1A3956D46DE8}") = "3 - Service", "3 - Service", "{FCB288B1-30C1-408F-B84A-611E621A9DDE}"
EndProject
Project("{2150E333-8FDC-42A3-9474-1A3956D46DE8}") = "4 - Infra", "4 - Infra", "{F8784BBF-E4DD-4041-B0E9-074663A97C6A}"
EndProject
Project("{9A19103F-16F7-4668-BE54-9A1E7A4F7556}") = "EcoSolution.Domain", "EcoSolution.Domain\EcoSolution.Domain.csproj", "{FE38F97E-996D-4D7A-9648-54B14BCA3352}"
EndProject
Project("{9A19103F-16F7-4668-BE54-9A1E7A4F7556}") = "EcoSolution.Service", "EcoSolution.Service\EcoSolution.Service.csproj", "{80599200-FA1F-4F1D-BC80-F4A9B7B13A5C}"
EndProject
Project("{9A19103F-16F7-4668-BE54-9A1E7A4F7556}") = "EcoSolution.Infra.CrossCutting", "EcoSolution.Infra.CrossCutting\EcoSolution.Infra.CrossCutting.csproj", "{C6969F65-06F8-44F2-8AA2-C5555EA5C19D}"
EndProject
Project("{9A19103F-16F7-4668-BE54-9A1E7A4F7556}") = "EcoSolution.Infra.CrossCutting.Ioc", "EcoSolution.Infra.CrossCutting.Ioc\EcoSolution.Infra.CrossCutting.Ioc.csproj", "{166A7B77-20A5-41BC-96CC-72270ED11EF2}"
EndProject
Project("{9A19103F-16F7-4668-BE54-9A1E7A4F7556}") = "EcoSolution.Infra.Data", "EcoSolution.Infra.Data\EcoSolution.Infra.Data.csproj", "{3CAB9296-F9AA-48CC-ACA6-029A824CEE3A}"
EndProject
Global
	GlobalSection(SolutionConfigurationPlatforms) = preSolution
		Debug|Any CPU = Debug|Any CPU
		Release|Any CPU = Release|Any CPU
	EndGlobalSection
	GlobalSection(ProjectConfigurationPlatforms) = postSolution
		{0D0EC92F-44E9-4005-A08F-7517FAB595E5}.Debug|Any CPU.ActiveCfg = Debug|Any CPU
		{0D0EC92F-44E9-4005-A08F-7517FAB595E5}.Debug|Any CPU.Build.0 = Debug|Any CPU
		{0D0EC92F-44E9-4005-A08F-7517FAB595E5}.Release|Any CPU.ActiveCfg = Release|Any CPU
		{0D0EC92F-44E9-4005-A08F-7517FAB595E5}.Release|Any CPU.Build.0 = Release|Any CPU
		{FE38F97E-996D-4D7A-9648-54B14BCA3352}.Debug|Any CPU.ActiveCfg = Debug|Any CPU
		{FE38F97E-996D-4D7A-9648-54B14BCA3352}.Debug|Any CPU.Build.0 = Debug|Any CPU
		{FE38F97E-996D-4D7A-9648-54B14BCA3352}.Release|Any CPU.ActiveCfg = Release|Any CPU
		{FE38F97E-996D-4D7A-9648-54B14BCA3352}.Release|Any CPU.Build.0 = Release|Any CPU
		{80599200-FA1F-4F1D-BC80-F4A9B7B13A5C}.Debug|Any CPU.ActiveCfg = Debug|Any CPU
		{80599200-FA1F-4F1D-BC80-F4A9B7B13A5C}.Debug|Any CPU.Build.0 = Debug|Any CPU
		{80599200-FA1F-4F1D-BC80-F4A9B7B13A5C}.Release|Any CPU.ActiveCfg = Release|Any CPU
		{80599200-FA1F-4F1D-BC80-F4A9B7B13A5C}.Release|Any CPU.Build.0 = Release|Any CPU
		{C6969F65-06F8-44F2-8AA2-C5555EA5C19D}.Debug|Any CPU.ActiveCfg = Debug|Any CPU
		{C6969F65-06F8-44F2-8AA2-C5555EA5C19D}.Debug|Any CPU.Build.0 = Debug|Any CPU
		{C6969F65-06F8-44F2-8AA2-C5555EA5C19D}.Release|Any CPU.ActiveCfg = Release|Any CPU
		{C6969F65-06F8-44F2-8AA2-C5555EA5C19D}.Release|Any CPU.Build.0 = Release|Any CPU
		{166A7B77-20A5-41BC-96CC-72270ED11EF2}.Debug|Any CPU.ActiveCfg = Debug|Any CPU
		{166A7B77-20A5-41BC-96CC-72270ED11EF2}.Debug|Any CPU.Build.0 = Debug|Any CPU
		{166A7B77-20A5-41BC-96CC-72270ED11EF2}.Release|Any CPU.ActiveCfg = Release|Any CPU
		{166A7B77-20A5-41BC-96CC-72270ED11EF2}.Release|Any CPU.Build.0 = Release|Any CPU
		{3CAB9296-F9AA-48CC-ACA6-029A824CEE3A}.Debug|Any CPU.ActiveCfg = Debug|Any CPU
		{3CAB9296-F9AA-48CC-ACA6-029A824CEE3A}.Debug|Any CPU.Build.0 = Debug|Any CPU
		{3CAB9296-F9AA-48CC-ACA6-029A824CEE3A}.Release|Any CPU.ActiveCfg = Release|Any CPU
		{3CAB9296-F9AA-48CC-ACA6-029A824CEE3A}.Release|Any CPU.Build.0 = Release|Any CPU
	EndGlobalSection
	GlobalSection(SolutionProperties) = preSolution
		HideSolutionNode = FALSE
	EndGlobalSection
	GlobalSection(NestedProjects) = preSolution
		{0D0EC92F-44E9-4005-A08F-7517FAB595E5} = {4C652E2B-1F71-471E-B400-E1A560DA967D}
		{FE38F97E-996D-4D7A-9648-54B14BCA3352} = {207E09F4-FD07-4B5F-A15D-043B31AD6D4D}
		{80599200-FA1F-4F1D-BC80-F4A9B7B13A5C} = {FCB288B1-30C1-408F-B84A-611E621A9DDE}
		{C6969F65-06F8-44F2-8AA2-C5555EA5C19D} = {F8784BBF-E4DD-4041-B0E9-074663A97C6A}
		{166A7B77-20A5-41BC-96CC-72270ED11EF2} = {F8784BBF-E4DD-4041-B0E9-074663A97C6A}
		{3CAB9296-F9AA-48CC-ACA6-029A824CEE3A} = {F8784BBF-E4DD-4041-B0E9-074663A97C6A}
	EndGlobalSection
	GlobalSection(ExtensibilityGlobals) = postSolution
		SolutionGuid = {46CFC5BE-D3E3-4532-B7B9-A73DC4409A31}
	EndGlobalSection
EndGlobal
